// !$*UTF8*$!
{
	archiveVersion = 1;
	classes = {
	};
	objectVersion = 50;
	objects = {

/* Begin PBXFileReference section */
		D7058F4B237DDDB500753AF5 /* resume.html */ = {isa = PBXFileReference; lastKnownFileType = text.html; path = resume.html; sourceTree = "<group>"; };
		D7058F4C237DDF6700753AF5 /* styles.css */ = {isa = PBXFileReference; lastKnownFileType = text.css; path = styles.css; sourceTree = "<group>"; };
/* End PBXFileReference section */

/* Begin PBXGroup section */
		D7058F44237DDD7500753AF5 = {
			isa = PBXGroup;
			children = (
				D7058F4B237DDDB500753AF5 /* resume.html */,
				D7058F4C237DDF6700753AF5 /* styles.css */,
			);
			sourceTree = "<group>";
		};
/* End PBXGroup section */

/* Begin PBXProject section */
		D7058F45237DDD7500753AF5 /* Project object */ = {
			isa = PBXProject;
			attributes = {
				LastUpgradeCheck = 1120;
			};
			buildConfigurationList = D7058F48237DDD7500753AF5 /* Build configuration list for PBXProject "Resume" */;
			compatibilityVersion = "Xcode 9.3";
			developmentRegion = en;
			hasScannedForEncodings = 0;
			knownRegions = (
				en,
				Base,
			);
			mainGroup = D7058F44237DDD7500753AF5;
			projectDirPath = "";
			projectRoot = "";
			targets = (
			);
		};
/* End PBXProject section */

/* Begin XCBuildConfiguration section */
		D7058F49237DDD7500753AF5 /* Debug */ = {
			isa = XCBuildConfiguration;
			buildSettings = {
			};
			name = Debug;
		};
		D7058F4A237DDD7500753AF5 /* Release */ = {
			isa = XCBuildConfiguration;
			buildSettings = {
			};
			name = Release;
		};
/* End XCBuildConfiguration section */

/* Begin XCConfigurationList section */
		D7058F48237DDD7500753AF5 /* Build configuration list for PBXProject "Resume" */ = {
			isa = XCConfigurationList;
			buildConfigurations = (
				D7058F49237DDD7500753AF5 /* Debug */,
				D7058F4A237DDD7500753AF5 /* Release */,
			);
			defaultConfigurationIsVisible = 0;
			defaultConfigurationName = Release;
		};
/* End XCConfigurationList section */
	};
	rootObject = D7058F45237DDD7500753AF5 /* Project object */;
}
